
Microsoft Visual Studio Solution File, Format Version 12.00
# Visual Studio Version 17
VisualStudioVersion = 17.6.33712.159
MinimumVisualStudioVersion = 10.0.40219.1
Project("{FAE04EC0-301F-11D3-BF4B-00C04F79EFBC}") = "CarTradeAPI", "CarTradeAPI\CarTradeAPI.csproj", "{1BD9B061-F492-4D03-86F9-BF68C2FB18CD}"
EndProject
Global
	GlobalSection(SolutionConfigurationPlatforms) = preSolution
		Debug|Any CPU = Debug|Any CPU
		Release|Any CPU = Release|Any CPU
	EndGlobalSection
	GlobalSection(ProjectConfigurationPlatforms) = postSolution
		{1BD9B061-F492-4D03-86F9-BF68C2FB18CD}.Debug|Any CPU.ActiveCfg = Debug|Any CPU
		{1BD9B061-F492-4D03-86F9-BF68C2FB18CD}.Debug|Any CPU.Build.0 = Debug|Any CPU
		{1BD9B061-F492-4D03-86F9-BF68C2FB18CD}.Release|Any CPU.ActiveCfg = Release|Any CPU
		{1BD9B061-F492-4D03-86F9-BF68C2FB18CD}.Release|Any CPU.Build.0 = Release|Any CPU
	EndGlobalSection
	GlobalSection(SolutionProperties) = preSolution
		HideSolutionNode = FALSE
	EndGlobalSection
	GlobalSection(ExtensibilityGlobals) = postSolution
		SolutionGuid = {75F0785C-071F-4D69-AF84-C81EA88EF0D1}
	EndGlobalSection
EndGlobal
